// !$*UTF8*$!
{
	archiveVersion = 1;
	classes = {
	};
	objectVersion = 46;
	objects = {

/* Begin PBXBuildFile section */
		0839AF8719849CD300111AB6 /* Foundation.framework in Frameworks */ = {isa = PBXBuildFile; fileRef = 0839AF8619849CD300111AB6 /* Foundation.framework */; };
		0839AF8919849CD300111AB6 /* CoreGraphics.framework in Frameworks */ = {isa = PBXBuildFile; fileRef = 0839AF8819849CD300111AB6 /* CoreGraphics.framework */; };
		0839AF8B19849CD300111AB6 /* UIKit.framework in Frameworks */ = {isa = PBXBuildFile; fileRef = 0839AF8A19849CD300111AB6 /* UIKit.framework */; };
		0839AF9119849CD300111AB6 /* InfoPlist.strings in Resources */ = {isa = PBXBuildFile; fileRef = 0839AF8F19849CD300111AB6 /* InfoPlist.strings */; };
		0839AF9319849CD300111AB6 /* main.m in Sources */ = {isa = PBXBuildFile; fileRef = 0839AF9219849CD300111AB6 /* main.m */; };
		0839AF9719849CD300111AB6 /* AppDelegate.m in Sources */ = {isa = PBXBuildFile; fileRef = 0839AF9619849CD300111AB6 /* AppDelegate.m */; };
		0839AF9A19849CD300111AB6 /* Main_iPhone.storyboard in Resources */ = {isa = PBXBuildFile; fileRef = 0839AF9819849CD300111AB6 /* Main_iPhone.storyboard */; };
		0839AF9D19849CD300111AB6 /* Main_iPad.storyboard in Resources */ = {isa = PBXBuildFile; fileRef = 0839AF9B19849CD300111AB6 /* Main_iPad.storyboard */; };
		0839AFA019849CD300111AB6 /* FirstViewController.m in Sources */ = {isa = PBXBuildFile; fileRef = 0839AF9F19849CD300111AB6 /* FirstViewController.m */; };
		0839AFA319849CD300111AB6 /* SecondViewController.m in Sources */ = {isa = PBXBuildFile; fileRef = 0839AFA219849CD300111AB6 /* SecondViewController.m */; };
		0839AFA519849CD300111AB6 /* Images.xcassets in Resources */ = {isa = PBXBuildFile; fileRef = 0839AFA419849CD300111AB6 /* Images.xcassets */; };
		0839AFAC19849CD300111AB6 /* XCTest.framework in Frameworks */ = {isa = PBXBuildFile; fileRef = 0839AFAB19849CD300111AB6 /* XCTest.framework */; };
		0839AFAD19849CD300111AB6 /* Foundation.framework in Frameworks */ = {isa = PBXBuildFile; fileRef = 0839AF8619849CD300111AB6 /* Foundation.framework */; };
		0839AFAE19849CD300111AB6 /* UIKit.framework in Frameworks */ = {isa = PBXBuildFile; fileRef = 0839AF8A19849CD300111AB6 /* UIKit.framework */; };
		0839AFB619849CD300111AB6 /* InfoPlist.strings in Resources */ = {isa = PBXBuildFile; fileRef = 0839AFB419849CD300111AB6 /* InfoPlist.strings */; };
		0839AFB819849CD300111AB6 /* AbayaHubTests.m in Sources */ = {isa = PBXBuildFile; fileRef = 0839AFB719849CD300111AB6 /* AbayaHubTests.m */; };
/* End PBXBuildFile section */

/* Begin PBXContainerItemProxy section */
		0839AFAF19849CD300111AB6 /* PBXContainerItemProxy */ = {
			isa = PBXContainerItemProxy;
			containerPortal = 0839AF7B19849CD300111AB6 /* Project object */;
			proxyType = 1;
			remoteGlobalIDString = 0839AF8219849CD300111AB6;
			remoteInfo = AbayaHub;
		};
/* End PBXContainerItemProxy section */

/* Begin PBXFileReference section */
		0839AF8319849CD300111AB6 /* AbayaHub.app */ = {isa = PBXFileReference; explicitFileType = wrapper.application; includeInIndex = 0; path = AbayaHub.app; sourceTree = BUILT_PRODUCTS_DIR; };
		0839AF8619849CD300111AB6 /* Foundation.framework */ = {isa = PBXFileReference; lastKnownFileType = wrapper.framework; name = Foundation.framework; path = System/Library/Frameworks/Foundation.framework; sourceTree = SDKROOT; };
		0839AF8819849CD300111AB6 /* CoreGraphics.framework */ = {isa = PBXFileReference; lastKnownFileType = wrapper.framework; name = CoreGraphics.framework; path = System/Library/Frameworks/CoreGraphics.framework; sourceTree = SDKROOT; };
		0839AF8A19849CD300111AB6 /* UIKit.framework */ = {isa = PBXFileReference; lastKnownFileType = wrapper.framework; name = UIKit.framework; path = System/Library/Frameworks/UIKit.framework; sourceTree = SDKROOT; };
		0839AF8E19849CD300111AB6 /* AbayaHub-Info.plist */ = {isa = PBXFileReference; lastKnownFileType = text.plist.xml; path = "AbayaHub-Info.plist"; sourceTree = "<group>"; };
		0839AF9019849CD300111AB6 /* en */ = {isa = PBXFileReference; lastKnownFileType = text.plist.strings; name = en; path = en.lproj/InfoPlist.strings; sourceTree = "<group>"; };
		0839AF9219849CD300111AB6 /* main.m */ = {isa = PBXFileReference; lastKnownFileType = sourcecode.c.objc; path = main.m; sourceTree = "<group>"; };
		0839AF9419849CD300111AB6 /* AbayaHub-Prefix.pch */ = {isa = PBXFileReference; lastKnownFileType = sourcecode.c.h; path = "AbayaHub-Prefix.pch"; sourceTree = "<group>"; };
		0839AF9519849CD300111AB6 /* AppDelegate.h */ = {isa = PBXFileReference; lastKnownFileType = sourcecode.c.h; path = AppDelegate.h; sourceTree = "<group>"; };
		0839AF9619849CD300111AB6 /* AppDelegate.m */ = {isa = PBXFileReference; lastKnownFileType = sourcecode.c.objc; path = AppDelegate.m; sourceTree = "<group>"; };
		0839AF9919849CD300111AB6 /* Base */ = {isa = PBXFileReference; lastKnownFileType = file.storyboard; name = Base; path = Base.lproj/Main_iPhone.storyboard; sourceTree = "<group>"; };
		0839AF9C19849CD300111AB6 /* Base */ = {isa = PBXFileReference; lastKnownFileType = file.storyboard; name = Base; path = Base.lproj/Main_iPad.storyboard; sourceTree = "<group>"; };
		0839AF9E19849CD300111AB6 /* FirstViewController.h */ = {isa = PBXFileReference; lastKnownFileType = sourcecode.c.h; path = FirstViewController.h; sourceTree = "<group>"; };
		0839AF9F19849CD300111AB6 /* FirstViewController.m */ = {isa = PBXFileReference; lastKnownFileType = sourcecode.c.objc; path = FirstViewController.m; sourceTree = "<group>"; };
		0839AFA119849CD300111AB6 /* SecondViewController.h */ = {isa = PBXFileReference; lastKnownFileType = sourcecode.c.h; path = SecondViewController.h; sourceTree = "<group>"; };
		0839AFA219849CD300111AB6 /* SecondViewController.m */ = {isa = PBXFileReference; lastKnownFileType = sourcecode.c.objc; path = SecondViewController.m; sourceTree = "<group>"; };
		0839AFA419849CD300111AB6 /* Images.xcassets */ = {isa = PBXFileReference; lastKnownFileType = folder.assetcatalog; path = Images.xcassets; sourceTree = "<group>"; };
		0839AFAA19849CD300111AB6 /* AbayaHubTests.xctest */ = {isa = PBXFileReference; explicitFileType = wrapper.cfbundle; includeInIndex = 0; path = AbayaHubTests.xctest; sourceTree = BUILT_PRODUCTS_DIR; };
		0839AFAB19849CD300111AB6 /* XCTest.framework */ = {isa = PBXFileReference; lastKnownFileType = wrapper.framework; name = XCTest.framework; path = Library/Frameworks/XCTest.framework; sourceTree = DEVELOPER_DIR; };
		0839AFB319849CD300111AB6 /* AbayaHubTests-Info.plist */ = {isa = PBXFileReference; lastKnownFileType = text.plist.xml; path = "AbayaHubTests-Info.plist"; sourceTree = "<group>"; };
		0839AFB519849CD300111AB6 /* en */ = {isa = PBXFileReference; lastKnownFileType = text.plist.strings; name = en; path = en.lproj/InfoPlist.strings; sourceTree = "<group>"; };
		0839AFB719849CD300111AB6 /* AbayaHubTests.m */ = {isa = PBXFileReference; lastKnownFileType = sourcecode.c.objc; path = AbayaHubTests.m; sourceTree = "<group>"; };
/* End PBXFileReference section */

/* Begin PBXFrameworksBuildPhase section */
		0839AF8019849CD300111AB6 /* Frameworks */ = {
			isa = PBXFrameworksBuildPhase;
			buildActionMask = 2147483647;
			files = (
				0839AF8919849CD300111AB6 /* CoreGraphics.framework in Frameworks */,
				0839AF8B19849CD300111AB6 /* UIKit.framework in Frameworks */,
				0839AF8719849CD300111AB6 /* Foundation.framework in Frameworks */,
			);
			runOnlyForDeploymentPostprocessing = 0;
		};
		0839AFA719849CD300111AB6 /* Frameworks */ = {
			isa = PBXFrameworksBuildPhase;
			buildActionMask = 2147483647;
			files = (
				0839AFAC19849CD300111AB6 /* XCTest.framework in Frameworks */,
				0839AFAE19849CD300111AB6 /* UIKit.framework in Frameworks */,
				0839AFAD19849CD300111AB6 /* Foundation.framework in Frameworks */,
			);
			runOnlyForDeploymentPostprocessing = 0;
		};
/* End PBXFrameworksBuildPhase section */

/* Begin PBXGroup section */
		0839AF7A19849CD300111AB6 = {
			isa = PBXGroup;
			children = (
				0839AF8C19849CD300111AB6 /* AbayaHub */,
				0839AFB119849CD300111AB6 /* AbayaHubTests */,
				0839AF8519849CD300111AB6 /* Frameworks */,
				0839AF8419849CD300111AB6 /* Products */,
			);
			sourceTree = "<group>";
		};
		0839AF8419849CD300111AB6 /* Products */ = {
			isa = PBXGroup;
			children = (
				0839AF8319849CD300111AB6 /* AbayaHub.app */,
				0839AFAA19849CD300111AB6 /* AbayaHubTests.xctest */,
			);
			name = Products;
			sourceTree = "<group>";
		};
		0839AF8519849CD300111AB6 /* Frameworks */ = {
			isa = PBXGroup;
			children = (
				0839AF8619849CD300111AB6 /* Foundation.framework */,
				0839AF8819849CD300111AB6 /* CoreGraphics.framework */,
				0839AF8A19849CD300111AB6 /* UIKit.framework */,
				0839AFAB19849CD300111AB6 /* XCTest.framework */,
			);
			name = Frameworks;
			sourceTree = "<group>";
		};
		0839AF8C19849CD300111AB6 /* AbayaHub */ = {
			isa = PBXGroup;
			children = (
				0839AF9519849CD300111AB6 /* AppDelegate.h */,
				0839AF9619849CD300111AB6 /* AppDelegate.m */,
				0839AF9819849CD300111AB6 /* Main_iPhone.storyboard */,
				0839AF9B19849CD300111AB6 /* Main_iPad.storyboard */,
				0839AF9E19849CD300111AB6 /* FirstViewController.h */,
				0839AF9F19849CD300111AB6 /* FirstViewController.m */,
				0839AFA119849CD300111AB6 /* SecondViewController.h */,
				0839AFA219849CD300111AB6 /* SecondViewController.m */,
				0839AFA419849CD300111AB6 /* Images.xcassets */,
				0839AF8D19849CD300111AB6 /* Supporting Files */,
			);
			path = AbayaHub;
			sourceTree = "<group>";
		};
		0839AF8D19849CD300111AB6 /* Supporting Files */ = {
			isa = PBXGroup;
			children = (
				0839AF8E19849CD300111AB6 /* AbayaHub-Info.plist */,
				0839AF8F19849CD300111AB6 /* InfoPlist.strings */,
				0839AF9219849CD300111AB6 /* main.m */,
				0839AF9419849CD300111AB6 /* AbayaHub-Prefix.pch */,
			);
			name = "Supporting Files";
			sourceTree = "<group>";
		};
		0839AFB119849CD300111AB6 /* AbayaHubTests */ = {
			isa = PBXGroup;
			children = (
				0839AFB719849CD300111AB6 /* AbayaHubTests.m */,
				0839AFB219849CD300111AB6 /* Supporting Files */,
			);
			path = AbayaHubTests;
			sourceTree = "<group>";
		};
		0839AFB219849CD300111AB6 /* Supporting Files */ = {
			isa = PBXGroup;
			children = (
				0839AFB319849CD300111AB6 /* AbayaHubTests-Info.plist */,
				0839AFB419849CD300111AB6 /* InfoPlist.strings */,
			);
			name = "Supporting Files";
			sourceTree = "<group>";
		};
/* End PBXGroup section */

/* Begin PBXNativeTarget section */
		0839AF8219849CD300111AB6 /* AbayaHub */ = {
			isa = PBXNativeTarget;
			buildConfigurationList = 0839AFBB19849CD300111AB6 /* Build configuration list for PBXNativeTarget "AbayaHub" */;
			buildPhases = (
				0839AF7F19849CD300111AB6 /* Sources */,
				0839AF8019849CD300111AB6 /* Frameworks */,
				0839AF8119849CD300111AB6 /* Resources */,
			);
			buildRules = (
			);
			dependencies = (
			);
			name = AbayaHub;
			productName = AbayaHub;
			productReference = 0839AF8319849CD300111AB6 /* AbayaHub.app */;
			productType = "com.apple.product-type.application";
		};
		0839AFA919849CD300111AB6 /* AbayaHubTests */ = {
			isa = PBXNativeTarget;
			buildConfigurationList = 0839AFBE19849CD300111AB6 /* Build configuration list for PBXNativeTarget "AbayaHubTests" */;
			buildPhases = (
				0839AFA619849CD300111AB6 /* Sources */,
				0839AFA719849CD300111AB6 /* Frameworks */,
				0839AFA819849CD300111AB6 /* Resources */,
			);
			buildRules = (
			);
			dependencies = (
				0839AFB019849CD300111AB6 /* PBXTargetDependency */,
			);
			name = AbayaHubTests;
			productName = AbayaHubTests;
			productReference = 0839AFAA19849CD300111AB6 /* AbayaHubTests.xctest */;
			productType = "com.apple.product-type.bundle.unit-test";
		};
/* End PBXNativeTarget section */

/* Begin PBXProject section */
		0839AF7B19849CD300111AB6 /* Project object */ = {
			isa = PBXProject;
			attributes = {
				LastUpgradeCheck = 0510;
				ORGANIZATIONNAME = __FatimaGalaudu__;
				TargetAttributes = {
					0839AFA919849CD300111AB6 = {
						TestTargetID = 0839AF8219849CD300111AB6;
					};
				};
			};
			buildConfigurationList = 0839AF7E19849CD300111AB6 /* Build configuration list for PBXProject "AbayaHub" */;
			compatibilityVersion = "Xcode 3.2";
			developmentRegion = English;
			hasScannedForEncodings = 0;
			knownRegions = (
				en,
				Base,
			);
			mainGroup = 0839AF7A19849CD300111AB6;
			productRefGroup = 0839AF8419849CD300111AB6 /* Products */;
			projectDirPath = "";
			projectRoot = "";
			targets = (
				0839AF8219849CD300111AB6 /* AbayaHub */,
				0839AFA919849CD300111AB6 /* AbayaHubTests */,
			);
		};
/* End PBXProject section */

/* Begin PBXResourcesBuildPhase section */
		0839AF8119849CD300111AB6 /* Resources */ = {
			isa = PBXResourcesBuildPhase;
			buildActionMask = 2147483647;
			files = (
				0839AF9D19849CD300111AB6 /* Main_iPad.storyboard in Resources */,
				0839AFA519849CD300111AB6 /* Images.xcassets in Resources */,
				0839AF9A19849CD300111AB6 /* Main_iPhone.storyboard in Resources */,
				0839AF9119849CD300111AB6 /* InfoPlist.strings in Resources */,
			);
			runOnlyForDeploymentPostprocessing = 0;
		};
		0839AFA819849CD300111AB6 /* Resources */ = {
			isa = PBXResourcesBuildPhase;
			buildActionMask = 2147483647;
			files = (
				0839AFB619849CD300111AB6 /* InfoPlist.strings in Resources */,
			);
			runOnlyForDeploymentPostprocessing = 0;
		};
/* End PBXResourcesBuildPhase section */

/* Begin PBXSourcesBuildPhase section */
		0839AF7F19849CD300111AB6 /* Sources */ = {
			isa = PBXSourcesBuildPhase;
			buildActionMask = 2147483647;
			files = (
				0839AFA319849CD300111AB6 /* SecondViewController.m in Sources */,
				0839AF9719849CD300111AB6 /* AppDelegate.m in Sources */,
				0839AFA019849CD300111AB6 /* FirstViewController.m in Sources */,
				0839AF9319849CD300111AB6 /* main.m in Sources */,
			);
			runOnlyForDeploymentPostprocessing = 0;
		};
		0839AFA619849CD300111AB6 /* Sources */ = {
			isa = PBXSourcesBuildPhase;
			buildActionMask = 2147483647;
			files = (
				0839AFB819849CD300111AB6 /* AbayaHubTests.m in Sources */,
			);
			runOnlyForDeploymentPostprocessing = 0;
		};
/* End PBXSourcesBuildPhase section */

/* Begin PBXTargetDependency section */
		0839AFB019849CD300111AB6 /* PBXTargetDependency */ = {
			isa = PBXTargetDependency;
			target = 0839AF8219849CD300111AB6 /* AbayaHub */;
			targetProxy = 0839AFAF19849CD300111AB6 /* PBXContainerItemProxy */;
		};
/* End PBXTargetDependency section */

/* Begin PBXVariantGroup section */
		0839AF8F19849CD300111AB6 /* InfoPlist.strings */ = {
			isa = PBXVariantGroup;
			children = (
				0839AF9019849CD300111AB6 /* en */,
			);
			name = InfoPlist.strings;
			sourceTree = "<group>";
		};
		0839AF9819849CD300111AB6 /* Main_iPhone.storyboard */ = {
			isa = PBXVariantGroup;
			children = (
				0839AF9919849CD300111AB6 /* Base */,
			);
			name = Main_iPhone.storyboard;
			sourceTree = "<group>";
		};
		0839AF9B19849CD300111AB6 /* Main_iPad.storyboard */ = {
			isa = PBXVariantGroup;
			children = (
				0839AF9C19849CD300111AB6 /* Base */,
			);
			name = Main_iPad.storyboard;
			sourceTree = "<group>";
		};
		0839AFB419849CD300111AB6 /* InfoPlist.strings */ = {
			isa = PBXVariantGroup;
			children = (
				0839AFB519849CD300111AB6 /* en */,
			);
			name = InfoPlist.strings;
			sourceTree = "<group>";
		};
/* End PBXVariantGroup section */

/* Begin XCBuildConfiguration section */
		0839AFB919849CD300111AB6 /* Debug */ = {
			isa = XCBuildConfiguration;
			buildSettings = {
				ALWAYS_SEARCH_USER_PATHS = NO;
				CLANG_CXX_LANGUAGE_STANDARD = "gnu++0x";
				CLANG_CXX_LIBRARY = "libc++";
				CLANG_ENABLE_MODULES = YES;
				CLANG_ENABLE_OBJC_ARC = YES;
				CLANG_WARN_BOOL_CONVERSION = YES;
				CLANG_WARN_CONSTANT_CONVERSION = YES;
				CLANG_WARN_DIRECT_OBJC_ISA_USAGE = YES_ERROR;
				CLANG_WARN_EMPTY_BODY = YES;
				CLANG_WARN_ENUM_CONVERSION = YES;
				CLANG_WARN_INT_CONVERSION = YES;
				CLANG_WARN_OBJC_ROOT_CLASS = YES_ERROR;
				CLANG_WARN__DUPLICATE_METHOD_MATCH = YES;
				"CODE_SIGN_IDENTITY[sdk=iphoneos*]" = "iPhone Developer";
				COPY_PHASE_STRIP = NO;
				GCC_C_LANGUAGE_STANDARD = gnu99;
				GCC_DYNAMIC_NO_PIC = NO;
				GCC_OPTIMIZATION_LEVEL = 0;
				GCC_PREPROCESSOR_DEFINITIONS = (
					"DEBUG=1",
					"$(inherited)",
				);
				GCC_SYMBOLS_PRIVATE_EXTERN = NO;
				GCC_WARN_64_TO_32_BIT_CONVERSION = YES;
				GCC_WARN_ABOUT_RETURN_TYPE = YES_ERROR;
				GCC_WARN_UNDECLARED_SELECTOR = YES;
				GCC_WARN_UNINITIALIZED_AUTOS = YES_AGGRESSIVE;
				GCC_WARN_UNUSED_FUNCTION = YES;
				GCC_WARN_UNUSED_VARIABLE = YES;
				IPHONEOS_DEPLOYMENT_TARGET = 7.1;
				ONLY_ACTIVE_ARCH = YES;
				SDKROOT = iphoneos;
				TARGETED_DEVICE_FAMILY = "1,2";
			};
			name = Debug;
		};
		0839AFBA19849CD300111AB6 /* Release */ = {
			isa = XCBuildConfiguration;
			buildSettings = {
				ALWAYS_SEARCH_USER_PATHS = NO;
				CLANG_CXX_LANGUAGE_STANDARD = "gnu++0x";
				CLANG_CXX_LIBRARY = "libc++";
				CLANG_ENABLE_MODULES = YES;
				CLANG_ENABLE_OBJC_ARC = YES;
				CLANG_WARN_BOOL_CONVERSION = YES;
				CLANG_WARN_CONSTANT_CONVERSION = YES;
				CLANG_WARN_DIRECT_OBJC_ISA_USAGE = YES_ERROR;
				CLANG_WARN_EMPTY_BODY = YES;
				CLANG_WARN_ENUM_CONVERSION = YES;
				CLANG_WARN_INT_CONVERSION = YES;
				CLANG_WARN_OBJC_ROOT_CLASS = YES_ERROR;
				CLANG_WARN__DUPLICATE_METHOD_MATCH = YES;
				"CODE_SIGN_IDENTITY[sdk=iphoneos*]" = "iPhone Developer";
				COPY_PHASE_STRIP = YES;
				ENABLE_NS_ASSERTIONS = NO;
				GCC_C_LANGUAGE_STANDARD = gnu99;
				GCC_WARN_64_TO_32_BIT_CONVERSION = YES;
				GCC_WARN_ABOUT_RETURN_TYPE = YES_ERROR;
				GCC_WARN_UNDECLARED_SELECTOR = YES;
				GCC_WARN_UNINITIALIZED_AUTOS = YES_AGGRESSIVE;
				GCC_WARN_UNUSED_FUNCTION = YES;
				GCC_WARN_UNUSED_VARIABLE = YES;
				IPHONEOS_DEPLOYMENT_TARGET = 7.1;
				SDKROOT = iphoneos;
				TARGETED_DEVICE_FAMILY = "1,2";
				VALIDATE_PRODUCT = YES;
			};
			name = Release;
		};
		0839AFBC19849CD300111AB6 /* Debug */ = {
			isa = XCBuildConfiguration;
			buildSettings = {
				ASSETCATALOG_COMPILER_APPICON_NAME = AppIcon;
				ASSETCATALOG_COMPILER_LAUNCHIMAGE_NAME = LaunchImage;
				GCC_PRECOMPILE_PREFIX_HEADER = YES;
				GCC_PREFIX_HEADER = "AbayaHub/AbayaHub-Prefix.pch";
				INFOPLIST_FILE = "AbayaHub/AbayaHub-Info.plist";
				PRODUCT_NAME = "$(TARGET_NAME)";
				WRAPPER_EXTENSION = app;
			};
			name = Debug;
		};
		0839AFBD19849CD300111AB6 /* Release */ = {
			isa = XCBuildConfiguration;
			buildSettings = {
				ASSETCATALOG_COMPILER_APPICON_NAME = AppIcon;
				ASSETCATALOG_COMPILER_LAUNCHIMAGE_NAME = LaunchImage;
				GCC_PRECOMPILE_PREFIX_HEADER = YES;
				GCC_PREFIX_HEADER = "AbayaHub/AbayaHub-Prefix.pch";
				INFOPLIST_FILE = "AbayaHub/AbayaHub-Info.plist";
				PRODUCT_NAME = "$(TARGET_NAME)";
				WRAPPER_EXTENSION = app;
			};
			name = Release;
		};
		0839AFBF19849CD300111AB6 /* Debug */ = {
			isa = XCBuildConfiguration;
			buildSettings = {
				BUNDLE_LOADER = "$(BUILT_PRODUCTS_DIR)/AbayaHub.app/AbayaHub";
				FRAMEWORK_SEARCH_PATHS = (
					"$(SDKROOT)/Developer/Library/Frameworks",
					"$(inherited)",
					"$(DEVELOPER_FRAMEWORKS_DIR)",
				);
				GCC_PRECOMPILE_PREFIX_HEADER = YES;
				GCC_PREFIX_HEADER = "AbayaHub/AbayaHub-Prefix.pch";
				GCC_PREPROCESSOR_DEFINITIONS = (
					"DEBUG=1",
					"$(inherited)",
				);
				INFOPLIST_FILE = "AbayaHubTests/AbayaHubTests-Info.plist";
				PRODUCT_NAME = "$(TARGET_NAME)";
				TEST_HOST = "$(BUNDLE_LOADER)";
				WRAPPER_EXTENSION = xctest;
			};
			name = Debug;
		};
		0839AFC019849CD300111AB6 /* Release */ = {
			isa = XCBuildConfiguration;
			buildSettings = {
				BUNDLE_LOADER = "$(BUILT_PRODUCTS_DIR)/AbayaHub.app/AbayaHub";
				FRAMEWORK_SEARCH_PATHS = (
					"$(SDKROOT)/Developer/Library/Frameworks",
					"$(inherited)",
					"$(DEVELOPER_FRAMEWORKS_DIR)",
				);
				GCC_PRECOMPILE_PREFIX_HEADER = YES;
				GCC_PREFIX_HEADER = "AbayaHub/AbayaHub-Prefix.pch";
				INFOPLIST_FILE = "AbayaHubTests/AbayaHubTests-Info.plist";
				PRODUCT_NAME = "$(TARGET_NAME)";
				TEST_HOST = "$(BUNDLE_LOADER)";
				WRAPPER_EXTENSION = xctest;
			};
			name = Release;
		};
/* End XCBuildConfiguration section */

/* Begin XCConfigurationList section */
		0839AF7E19849CD300111AB6 /* Build configuration list for PBXProject "AbayaHub" */ = {
			isa = XCConfigurationList;
			buildConfigurations = (
				0839AFB919849CD300111AB6 /* Debug */,
				0839AFBA19849CD300111AB6 /* Release */,
			);
			defaultConfigurationIsVisible = 0;
			defaultConfigurationName = Release;
		};
		0839AFBB19849CD300111AB6 /* Build configuration list for PBXNativeTarget "AbayaHub" */ = {
			isa = XCConfigurationList;
			buildConfigurations = (
				0839AFBC19849CD300111AB6 /* Debug */,
				0839AFBD19849CD300111AB6 /* Release */,
			);
			defaultConfigurationIsVisible = 0;
		};
		0839AFBE19849CD300111AB6 /* Build configuration list for PBXNativeTarget "AbayaHubTests" */ = {
			isa = XCConfigurationList;
			buildConfigurations = (
				0839AFBF19849CD300111AB6 /* Debug */,
				0839AFC019849CD300111AB6 /* Release */,
			);
			defaultConfigurationIsVisible = 0;
		};
/* End XCConfigurationList section */
	};
	rootObject = 0839AF7B19849CD300111AB6 /* Project object */;
}
